{
  "name": "react-windows-controls",
  "version": "1.0.0",
  "lockfileVersion": 1,
  "requires": true,
  "dependencies": {
    "@fimbul/bifrost": {
      "version": "0.17.0",
      "resolved": "https://registry.npmjs.org/@fimbul/bifrost/-/bifrost-0.17.0.tgz",
      "integrity": "sha512-gVTkJAOef5HtN6LPmrtt5fAUmBywwlgmObsU3FBhPoNeXPLaIl2zywXkJEtvvVLQnaFmtff3x+wIj5lHRCDE3Q==",
      "dev": true,
      "requires": {
        "@fimbul/ymir": "^0.17.0",
        "get-caller-file": "^2.0.0",
        "tslib": "^1.8.1",
        "tsutils": "^3.5.0"
      },
      "dependencies": {
        "tsutils": {
          "version": "3.14.0",
          "resolved": "https://registry.npmjs.org/tsutils/-/tsutils-3.14.0.tgz",
          "integrity": "sha512-SmzGbB0l+8I0QwsPgjooFRaRvHLBLNYM8SeQ0k6rtNDru5sCGeLJcZdwilNndN+GysuFjF5EIYgN8GfFG6UeUw==",
          "dev": true,
          "requires": {
            "tslib": "^1.8.1"
          }
        }
      }
    },
    "@fimbul/ymir": {
      "version": "0.17.0",
      "resolved": "https://registry.npmjs.org/@fimbul/ymir/-/ymir-0.17.0.tgz",
      "integrity": "sha512-xMXM9KTXRLHLVS6dnX1JhHNEkmWHcAVCQ/4+DA1KKwC/AFnGHzu/7QfQttEPgw3xplT+ILf9e3i64jrFwB3JtA==",
      "dev": true,
      "requires": {
        "inversify": "^5.0.0",
        "reflect-metadata": "^0.1.12",
        "tslib": "^1.8.1"
      }
    },
    "@types/prop-types": {
      "version": "15.7.1",
      "resolved": "https://registry.npmjs.org/@types/prop-types/-/prop-types-15.7.1.tgz",
      "integrity": "sha512-CFzn9idOEpHrgdw8JsoTkaDDyRWk1jrzIV8djzcgpq0y9tG4B4lFT+Nxh52DVpDXV+n4+NPNv7M1Dj5uMp6XFg==",
      "dev": true
    },
    "@types/react": {
      "version": "16.8.20",
      "resolved": "https://registry.npmjs.org/@types/react/-/react-16.8.20.tgz",
      "integrity": "sha512-ZLmI+ubSJpfUIlQuULDDrdyuFQORBuGOvNnMue8HeA0GVrAJbWtZQhcBvnBPNRBI/GrfSfrKPFhthzC2SLEtLQ==",
      "dev": true,
      "requires": {
        "@types/prop-types": "*",
        "csstype": "^2.2.0"
      }
    },
    "csstype": {
      "version": "2.6.5",
      "resolved": "https://registry.npmjs.org/csstype/-/csstype-2.6.5.tgz",
      "integrity": "sha512-JsTaiksRsel5n7XwqPAfB0l3TFKdpjW/kgAELf9vrb5adGA7UCPLajKK5s3nFrcFm3Rkyp/Qkgl73ENc1UY3cA==",
      "dev": true
    },
    "doctrine": {
      "version": "0.7.2",
      "resolved": "https://registry.npmjs.org/doctrine/-/doctrine-0.7.2.tgz",
      "integrity": "sha1-fLhgNZujvpDgQLJrcpzkv6ZUxSM=",
      "dev": true,
      "requires": {
        "esutils": "^1.1.6",
        "isarray": "0.0.1"
      }
    },
    "esutils": {
      "version": "1.1.6",
      "resolved": "https://registry.npmjs.org/esutils/-/esutils-1.1.6.tgz",
      "integrity": "sha1-wBzKqa5LiXxtDD4hCuUvPHqEQ3U=",
      "dev": true
    },
    "get-caller-file": {
      "version": "2.0.5",
      "resolved": "https://registry.npmjs.org/get-caller-file/-/get-caller-file-2.0.5.tgz",
      "integrity": "sha512-DyFP3BM/3YHTQOCUL/w0OZHR0lpKeGrxotcHWcqNEdnltqFwXVfhEBQ94eIo34AfQpo0rGki4cyIiftY06h2Fg==",
      "dev": true
    },
    "inversify": {
      "version": "5.0.1",
      "resolved": "https://registry.npmjs.org/inversify/-/inversify-5.0.1.tgz",
      "integrity": "sha512-Ieh06s48WnEYGcqHepdsJUIJUXpwH5o5vodAX+DK2JA/gjy4EbEcQZxw+uFfzysmKjiLXGYwNG3qDZsKVMcINQ==",
      "dev": true
    },
    "isarray": {
      "version": "0.0.1",
      "resolved": "https://registry.npmjs.org/isarray/-/isarray-0.0.1.tgz",
      "integrity": "sha1-ihis/Kmo9Bd+Cav8YDiTmwXR7t8=",
      "dev": true
    },
    "js-tokens": {
      "version": "4.0.0",
      "resolved": "https://registry.npmjs.org/js-tokens/-/js-tokens-4.0.0.tgz",
      "integrity": "sha512-RdJUflcE3cUzKiMqQgsCu06FPu9UdIJO0beYbPhHN4k6apgJtifcoCtT9bcxOpYBtpD2kCM6Sbzg4CausW/PKQ==",
      "dev": true
    },
    "loose-envify": {
      "version": "1.4.0",
      "resolved": "https://registry.npmjs.org/loose-envify/-/loose-envify-1.4.0.tgz",
      "integrity": "sha512-lyuxPGr/Wfhrlem2CL/UcnUc1zcqKAImBDzukY7Y5F/yQiNdko6+fRLevlw1HgMySw7f611UIY408EtxRSoK3Q==",
      "dev": true,
      "requires": {
        "js-tokens": "^3.0.0 || ^4.0.0"
      }
    },
    "object-assign": {
      "version": "4.1.1",
      "resolved": "https://registry.npmjs.org/object-assign/-/object-assign-4.1.1.tgz",
      "integrity": "sha1-IQmtx5ZYh8/AXLvUQsrIv7s2CGM=",
      "dev": true
    },
    "prop-types": {
      "version": "15.7.2",
      "resolved": "https://registry.npmjs.org/prop-types/-/prop-types-15.7.2.tgz",
      "integrity": "sha512-8QQikdH7//R2vurIJSutZ1smHYTcLpRWEOlHnzcWHmBYrOGUysKwSsrC89BCiFj3CbrfJ/nXFdJepOVrY1GCHQ==",
      "dev": true,
      "requires": {
        "loose-envify": "^1.4.0",
        "object-assign": "^4.1.1",
        "react-is": "^16.8.1"
      }
    },
    "react": {
      "version": "16.8.6",
      "resolved": "https://registry.npmjs.org/react/-/react-16.8.6.tgz",
      "integrity": "sha512-pC0uMkhLaHm11ZSJULfOBqV4tIZkx87ZLvbbQYunNixAAvjnC+snJCg0XQXn9VIsttVsbZP/H/ewzgsd5fxKXw==",
      "dev": true,
      "requires": {
        "loose-envify": "^1.1.0",
        "object-assign": "^4.1.1",
        "prop-types": "^15.6.2",
        "scheduler": "^0.13.6"
      }
    },
    "react-is": {
      "version": "16.8.6",
      "resolved": "https://registry.npmjs.org/react-is/-/react-is-16.8.6.tgz",
      "integrity": "sha512-aUk3bHfZ2bRSVFFbbeVS4i+lNPZr3/WM5jT2J5omUVV1zzcs1nAaf3l51ctA5FFvCRbhrH0bdAsRRQddFJZPtA==",
      "dev": true
    },
    "reflect-metadata": {
      "version": "0.1.13",
      "resolved": "https://registry.npmjs.org/reflect-metadata/-/reflect-metadata-0.1.13.tgz",
      "integrity": "sha512-Ts1Y/anZELhSsjMcU605fU9RE4Oi3p5ORujwbIKXfWa+0Zxs510Qrmrce5/Jowq3cHSZSJqBjypxmHarc+vEWg==",
      "dev": true
    },
    "scheduler": {
      "version": "0.13.6",
      "resolved": "https://registry.npmjs.org/scheduler/-/scheduler-0.13.6.tgz",
      "integrity": "sha512-IWnObHt413ucAYKsD9J1QShUKkbKLQQHdxRyw73sw4FN26iWr3DY/H34xGPe4nmL1DwXyWmSWmMrA9TfQbE/XQ==",
      "dev": true,
      "requires": {
        "loose-envify": "^1.1.0",
        "object-assign": "^4.1.1"
      }
    },
    "tslib": {
      "version": "1.10.0",
      "resolved": "https://registry.npmjs.org/tslib/-/tslib-1.10.0.tgz",
      "integrity": "sha512-qOebF53frne81cf0S9B41ByenJ3/IuH8yJKngAX35CmiZySA0khhkovshKK+jGCaMnVomla7gVlIcc3EvKPbTQ==",
      "dev": true
    },
    "tslint-config-airbnb": {
      "version": "5.11.1",
      "resolved": "https://registry.npmjs.org/tslint-config-airbnb/-/tslint-config-airbnb-5.11.1.tgz",
      "integrity": "sha512-hkaittm2607vVMe8eotANGN1CimD5tor7uoY3ypg2VTtEcDB/KGWYbJOz58t8LI4cWSyWtgqYQ5F0HwKxxhlkQ==",
      "dev": true,
      "requires": {
        "tslint-consistent-codestyle": "^1.14.1",
        "tslint-eslint-rules": "^5.4.0",
        "tslint-microsoft-contrib": "~5.2.1"
      }
    },
    "tslint-consistent-codestyle": {
      "version": "1.15.1",
      "resolved": "https://registry.npmjs.org/tslint-consistent-codestyle/-/tslint-consistent-codestyle-1.15.1.tgz",
      "integrity": "sha512-38Y3Dz4zcABe/PlPAQSGNEWPGVq0OzcIQR7SEU6dNujp/SgvhxhJOhIhI9gY4r0I3/TNtvVQwARWor9O9LPZWg==",
      "dev": true,
      "requires": {
        "@fimbul/bifrost": "^0.17.0",
        "tslib": "^1.7.1",
        "tsutils": "^2.29.0"
      }
    },
    "tslint-eslint-rules": {
      "version": "5.4.0",
      "resolved": "https://registry.npmjs.org/tslint-eslint-rules/-/tslint-eslint-rules-5.4.0.tgz",
      "integrity": "sha512-WlSXE+J2vY/VPgIcqQuijMQiel+UtmXS+4nvK4ZzlDiqBfXse8FAvkNnTcYhnQyOTW5KFM+uRRGXxYhFpuBc6w==",
      "dev": true,
      "requires": {
        "doctrine": "0.7.2",
        "tslib": "1.9.0",
        "tsutils": "^3.0.0"
      },
      "dependencies": {
        "tslib": {
          "version": "1.9.0",
          "resolved": "https://registry.npmjs.org/tslib/-/tslib-1.9.0.tgz",
          "integrity": "sha512-f/qGG2tUkrISBlQZEjEqoZ3B2+npJjIf04H1wuAv9iA8i04Icp+61KRXxFdha22670NJopsZCIjhC3SnjPRKrQ==",
          "dev": true
        },
        "tsutils": {
          "version": "3.14.0",
          "resolved": "https://registry.npmjs.org/tsutils/-/tsutils-3.14.0.tgz",
          "integrity": "sha512-SmzGbB0l+8I0QwsPgjooFRaRvHLBLNYM8SeQ0k6rtNDru5sCGeLJcZdwilNndN+GysuFjF5EIYgN8GfFG6UeUw==",
          "dev": true,
          "requires": {
            "tslib": "^1.8.1"
          }
        }
      }
    },
    "tslint-microsoft-contrib": {
      "version": "5.2.1",
      "resolved": "https://registry.npmjs.org/tslint-microsoft-contrib/-/tslint-microsoft-contrib-5.2.1.tgz",
      "integrity": "sha512-PDYjvpo0gN9IfMULwKk0KpVOPMhU6cNoT9VwCOLeDl/QS8v8W2yspRpFFuUS7/c5EIH/n8ApMi8TxJAz1tfFUA==",
      "dev": true,
      "requires": {
        "tsutils": "^2.27.2 <2.29.0"
      },
      "dependencies": {
        "tsutils": {
          "version": "2.28.0",
          "resolved": "https://registry.npmjs.org/tsutils/-/tsutils-2.28.0.tgz",
          "integrity": "sha512-bh5nAtW0tuhvOJnx1GLRn5ScraRLICGyJV5wJhtRWOLsxW70Kk5tZtpK3O/hW6LDnqKS9mlUMPZj9fEMJ0gxqA==",
          "dev": true,
          "requires": {
            "tslib": "^1.8.1"
          }
        }
      }
    },
    "tsutils": {
      "version": "2.29.0",
      "resolved": "https://registry.npmjs.org/tsutils/-/tsutils-2.29.0.tgz",
      "integrity": "sha512-g5JVHCIJwzfISaXpXE1qvNalca5Jwob6FjI4AoPlqMusJ6ftFE7IkkFoMhVLRgK+4Kx3gkzb8UZK5t5yTTvEmA==",
      "dev": true,
      "requires": {
        "tslib": "^1.8.1"
      }
    },
    "typescript": {
      "version": "3.5.2",
      "resolved": "https://registry.npmjs.org/typescript/-/typescript-3.5.2.tgz",
      "integrity": "sha512-7KxJovlYhTX5RaRbUdkAXN1KUZ8PwWlTzQdHV6xNqvuFOs7+WBo10TQUqT19Q/Jz2hk5v9TQDIhyLhhJY4p5AA==",
      "dev": true
    }
  }
}
